// !$*UTF8*$!
{
	archiveVersion = 1;
	classes = {
	};
	objectVersion = 55;
	objects = {

/* Begin PBXBuildFile section */
		6038DDEB37D452E4F81F3F01 /* Pods_SnapchatClone.framework in Frameworks */ = {isa = PBXBuildFile; fileRef = CCFEA7921EFF52E933301E22 /* Pods_SnapchatClone.framework */; };
		DD108323292422F10091366B /* UserSingleton.swift in Sources */ = {isa = PBXBuildFile; fileRef = DD108322292422F10091366B /* UserSingleton.swift */; };
		DD8023672923CFBE0045C71B /* FeedVC.swift in Sources */ = {isa = PBXBuildFile; fileRef = DD8023662923CFBE0045C71B /* FeedVC.swift */; };
		DD8023692923CFCB0045C71B /* UploadVC.swift in Sources */ = {isa = PBXBuildFile; fileRef = DD8023682923CFCB0045C71B /* UploadVC.swift */; };
		DD80236B2923CFE50045C71B /* SettingsVC.swift in Sources */ = {isa = PBXBuildFile; fileRef = DD80236A2923CFE50045C71B /* SettingsVC.swift */; };
		DD8284572922BF690078C1F0 /* GoogleService-Info.plist in Resources */ = {isa = PBXBuildFile; fileRef = DD8284562922BF690078C1F0 /* GoogleService-Info.plist */; };
		DD95536A2923F41E00DD5DB7 /* SnapVC.swift in Sources */ = {isa = PBXBuildFile; fileRef = DD9553692923F41E00DD5DB7 /* SnapVC.swift */; };
		DDF25ACE2922BE7600D5239D /* AppDelegate.swift in Sources */ = {isa = PBXBuildFile; fileRef = DDF25ACD2922BE7600D5239D /* AppDelegate.swift */; };
		DDF25AD02922BE7600D5239D /* SceneDelegate.swift in Sources */ = {isa = PBXBuildFile; fileRef = DDF25ACF2922BE7600D5239D /* SceneDelegate.swift */; };
		DDF25AD22922BE7600D5239D /* SignInVC.swift in Sources */ = {isa = PBXBuildFile; fileRef = DDF25AD12922BE7600D5239D /* SignInVC.swift */; };
		DDF25AD52922BE7600D5239D /* Main.storyboard in Resources */ = {isa = PBXBuildFile; fileRef = DDF25AD32922BE7600D5239D /* Main.storyboard */; };
		DDF25AD72922BE7700D5239D /* Assets.xcassets in Resources */ = {isa = PBXBuildFile; fileRef = DDF25AD62922BE7700D5239D /* Assets.xcassets */; };
		DDF25ADA2922BE7700D5239D /* LaunchScreen.storyboard in Resources */ = {isa = PBXBuildFile; fileRef = DDF25AD82922BE7700D5239D /* LaunchScreen.storyboard */; };
/* End PBXBuildFile section */

/* Begin PBXFileReference section */
		61A899148DE18354432D7CAA /* Pods-SnapchatClone.debug.xcconfig */ = {isa = PBXFileReference; includeInIndex = 1; lastKnownFileType = text.xcconfig; name = "Pods-SnapchatClone.debug.xcconfig"; path = "Target Support Files/Pods-SnapchatClone/Pods-SnapchatClone.debug.xcconfig"; sourceTree = "<group>"; };
		7D1B1AB57DBCC888C392DB61 /* Pods-SnapchatClone.release.xcconfig */ = {isa = PBXFileReference; includeInIndex = 1; lastKnownFileType = text.xcconfig; name = "Pods-SnapchatClone.release.xcconfig"; path = "Target Support Files/Pods-SnapchatClone/Pods-SnapchatClone.release.xcconfig"; sourceTree = "<group>"; };
		CCFEA7921EFF52E933301E22 /* Pods_SnapchatClone.framework */ = {isa = PBXFileReference; explicitFileType = wrapper.framework; includeInIndex = 0; path = Pods_SnapchatClone.framework; sourceTree = BUILT_PRODUCTS_DIR; };
		DD108322292422F10091366B /* UserSingleton.swift */ = {isa = PBXFileReference; lastKnownFileType = sourcecode.swift; path = UserSingleton.swift; sourceTree = "<group>"; };
		DD8023662923CFBE0045C71B /* FeedVC.swift */ = {isa = PBXFileReference; lastKnownFileType = sourcecode.swift; path = FeedVC.swift; sourceTree = "<group>"; };
		DD8023682923CFCB0045C71B /* UploadVC.swift */ = {isa = PBXFileReference; lastKnownFileType = sourcecode.swift; path = UploadVC.swift; sourceTree = "<group>"; };
		DD80236A2923CFE50045C71B /* SettingsVC.swift */ = {isa = PBXFileReference; lastKnownFileType = sourcecode.swift; path = SettingsVC.swift; sourceTree = "<group>"; };
		DD8284562922BF690078C1F0 /* GoogleService-Info.plist */ = {isa = PBXFileReference; fileEncoding = 4; lastKnownFileType = text.plist.xml; path = "GoogleService-Info.plist"; sourceTree = "<group>"; };
		DD9553692923F41E00DD5DB7 /* SnapVC.swift */ = {isa = PBXFileReference; lastKnownFileType = sourcecode.swift; path = SnapVC.swift; sourceTree = "<group>"; };
		DDF25ACA2922BE7600D5239D /* SnapchatClone.app */ = {isa = PBXFileReference; explicitFileType = wrapper.application; includeInIndex = 0; path = SnapchatClone.app; sourceTree = BUILT_PRODUCTS_DIR; };
		DDF25ACD2922BE7600D5239D /* AppDelegate.swift */ = {isa = PBXFileReference; lastKnownFileType = sourcecode.swift; path = AppDelegate.swift; sourceTree = "<group>"; };
		DDF25ACF2922BE7600D5239D /* SceneDelegate.swift */ = {isa = PBXFileReference; lastKnownFileType = sourcecode.swift; path = SceneDelegate.swift; sourceTree = "<group>"; };
		DDF25AD12922BE7600D5239D /* SignInVC.swift */ = {isa = PBXFileReference; lastKnownFileType = sourcecode.swift; path = SignInVC.swift; sourceTree = "<group>"; };
		DDF25AD42922BE7600D5239D /* Base */ = {isa = PBXFileReference; lastKnownFileType = file.storyboard; name = Base; path = Base.lproj/Main.storyboard; sourceTree = "<group>"; };
		DDF25AD62922BE7700D5239D /* Assets.xcassets */ = {isa = PBXFileReference; lastKnownFileType = folder.assetcatalog; path = Assets.xcassets; sourceTree = "<group>"; };
		DDF25AD92922BE7700D5239D /* Base */ = {isa = PBXFileReference; lastKnownFileType = file.storyboard; name = Base; path = Base.lproj/LaunchScreen.storyboard; sourceTree = "<group>"; };
		DDF25ADB2922BE7700D5239D /* Info.plist */ = {isa = PBXFileReference; lastKnownFileType = text.plist.xml; path = Info.plist; sourceTree = "<group>"; };
/* End PBXFileReference section */

/* Begin PBXFrameworksBuildPhase section */
		DDF25AC72922BE7600D5239D /* Frameworks */ = {
			isa = PBXFrameworksBuildPhase;
			buildActionMask = 2147483647;
			files = (
				6038DDEB37D452E4F81F3F01 /* Pods_SnapchatClone.framework in Frameworks */,
			);
			runOnlyForDeploymentPostprocessing = 0;
		};
/* End PBXFrameworksBuildPhase section */

/* Begin PBXGroup section */
		4608C1DF61BCB4DC886E33C3 /* Frameworks */ = {
			isa = PBXGroup;
			children = (
				CCFEA7921EFF52E933301E22 /* Pods_SnapchatClone.framework */,
			);
			name = Frameworks;
			sourceTree = "<group>";
		};
		DD108321292422DD0091366B /* Model */ = {
			isa = PBXGroup;
			children = (
				DD108322292422F10091366B /* UserSingleton.swift */,
			);
			path = Model;
			sourceTree = "<group>";
		};
		DD80236C2923D0190045C71B /* ViewControllers */ = {
			isa = PBXGroup;
			children = (
				DDF25AD12922BE7600D5239D /* SignInVC.swift */,
				DD8023662923CFBE0045C71B /* FeedVC.swift */,
				DD8023682923CFCB0045C71B /* UploadVC.swift */,
				DD80236A2923CFE50045C71B /* SettingsVC.swift */,
				DD9553692923F41E00DD5DB7 /* SnapVC.swift */,
			);
			path = ViewControllers;
			sourceTree = "<group>";
		};
		DD80236E2923D0480045C71B /* Delegates */ = {
			isa = PBXGroup;
			children = (
				DDF25ACD2922BE7600D5239D /* AppDelegate.swift */,
				DDF25ACF2922BE7600D5239D /* SceneDelegate.swift */,
			);
			path = Delegates;
			sourceTree = "<group>";
		};
		DDF25AC12922BE7600D5239D = {
			isa = PBXGroup;
			children = (
				DDF25ACC2922BE7600D5239D /* SnapchatClone */,
				DDF25ACB2922BE7600D5239D /* Products */,
				EA2A0B68D13A22FFD97E3231 /* Pods */,
				4608C1DF61BCB4DC886E33C3 /* Frameworks */,
			);
			sourceTree = "<group>";
		};
		DDF25ACB2922BE7600D5239D /* Products */ = {
			isa = PBXGroup;
			children = (
				DDF25ACA2922BE7600D5239D /* SnapchatClone.app */,
			);
			name = Products;
			sourceTree = "<group>";
		};
		DDF25ACC2922BE7600D5239D /* SnapchatClone */ = {
			isa = PBXGroup;
			children = (
				DD108321292422DD0091366B /* Model */,
				DD80236E2923D0480045C71B /* Delegates */,
				DD80236C2923D0190045C71B /* ViewControllers */,
				DDF25AD32922BE7600D5239D /* Main.storyboard */,
				DDF25AD62922BE7700D5239D /* Assets.xcassets */,
				DDF25AD82922BE7700D5239D /* LaunchScreen.storyboard */,
				DD8284562922BF690078C1F0 /* GoogleService-Info.plist */,
				DDF25ADB2922BE7700D5239D /* Info.plist */,
			);
			path = SnapchatClone;
			sourceTree = "<group>";
		};
		EA2A0B68D13A22FFD97E3231 /* Pods */ = {
			isa = PBXGroup;
			children = (
				61A899148DE18354432D7CAA /* Pods-SnapchatClone.debug.xcconfig */,
				7D1B1AB57DBCC888C392DB61 /* Pods-SnapchatClone.release.xcconfig */,
			);
			path = Pods;
			sourceTree = "<group>";
		};
/* End PBXGroup section */

/* Begin PBXNativeTarget section */
		DDF25AC92922BE7600D5239D /* SnapchatClone */ = {
			isa = PBXNativeTarget;
			buildConfigurationList = DDF25ADE2922BE7700D5239D /* Build configuration list for PBXNativeTarget "SnapchatClone" */;
			buildPhases = (
				00BC1A35E5C00EE2FAFF859E /* [CP] Check Pods Manifest.lock */,
				DDF25AC62922BE7600D5239D /* Sources */,
				DDF25AC72922BE7600D5239D /* Frameworks */,
				DDF25AC82922BE7600D5239D /* Resources */,
				FEB532DF598FED9052992A56 /* [CP] Embed Pods Frameworks */,
			);
			buildRules = (
			);
			dependencies = (
			);
			name = SnapchatClone;
			productName = SnapchatClone;
			productReference = DDF25ACA2922BE7600D5239D /* SnapchatClone.app */;
			productType = "com.apple.product-type.application";
		};
/* End PBXNativeTarget section */

/* Begin PBXProject section */
		DDF25AC22922BE7600D5239D /* Project object */ = {
			isa = PBXProject;
			attributes = {
				BuildIndependentTargetsInParallel = 1;
				LastSwiftUpdateCheck = 1340;
				LastUpgradeCheck = 1340;
				TargetAttributes = {
					DDF25AC92922BE7600D5239D = {
						CreatedOnToolsVersion = 13.4.1;
					};
				};
			};
			buildConfigurationList = DDF25AC52922BE7600D5239D /* Build configuration list for PBXProject "SnapchatClone" */;
			compatibilityVersion = "Xcode 13.0";
			developmentRegion = en;
			hasScannedForEncodings = 0;
			knownRegions = (
				en,
				Base,
			);
			mainGroup = DDF25AC12922BE7600D5239D;
			productRefGroup = DDF25ACB2922BE7600D5239D /* Products */;
			projectDirPath = "";
			projectRoot = "";
			targets = (
				DDF25AC92922BE7600D5239D /* SnapchatClone */,
			);
		};
/* End PBXProject section */

/* Begin PBXResourcesBuildPhase section */
		DDF25AC82922BE7600D5239D /* Resources */ = {
			isa = PBXResourcesBuildPhase;
			buildActionMask = 2147483647;
			files = (
				DDF25ADA2922BE7700D5239D /* LaunchScreen.storyboard in Resources */,
				DD8284572922BF690078C1F0 /* GoogleService-Info.plist in Resources */,
				DDF25AD72922BE7700D5239D /* Assets.xcassets in Resources */,
				DDF25AD52922BE7600D5239D /* Main.storyboard in Resources */,
			);
			runOnlyForDeploymentPostprocessing = 0;
		};
/* End PBXResourcesBuildPhase section */

/* Begin PBXShellScriptBuildPhase section */
		00BC1A35E5C00EE2FAFF859E /* [CP] Check Pods Manifest.lock */ = {
			isa = PBXShellScriptBuildPhase;
			buildActionMask = 2147483647;
			files = (
			);
			inputFileListPaths = (
			);
			inputPaths = (
				"${PODS_PODFILE_DIR_PATH}/Podfile.lock",
				"${PODS_ROOT}/Manifest.lock",
			);
			name = "[CP] Check Pods Manifest.lock";
			outputFileListPaths = (
			);
			outputPaths = (
				"$(DERIVED_FILE_DIR)/Pods-SnapchatClone-checkManifestLockResult.txt",
			);
			runOnlyForDeploymentPostprocessing = 0;
			shellPath = /bin/sh;
			shellScript = "diff \"${PODS_PODFILE_DIR_PATH}/Podfile.lock\" \"${PODS_ROOT}/Manifest.lock\" > /dev/null\nif [ $? != 0 ] ; then\n    # print error to STDERR\n    echo \"error: The sandbox is not in sync with the Podfile.lock. Run 'pod install' or update your CocoaPods installation.\" >&2\n    exit 1\nfi\n# This output is used by Xcode 'outputs' to avoid re-running this script phase.\necho \"SUCCESS\" > \"${SCRIPT_OUTPUT_FILE_0}\"\n";
			showEnvVarsInLog = 0;
		};
		FEB532DF598FED9052992A56 /* [CP] Embed Pods Frameworks */ = {
			isa = PBXShellScriptBuildPhase;
			buildActionMask = 2147483647;
			files = (
			);
			inputFileListPaths = (
				"${PODS_ROOT}/Target Support Files/Pods-SnapchatClone/Pods-SnapchatClone-frameworks-${CONFIGURATION}-input-files.xcfilelist",
			);
			name = "[CP] Embed Pods Frameworks";
			outputFileListPaths = (
				"${PODS_ROOT}/Target Support Files/Pods-SnapchatClone/Pods-SnapchatClone-frameworks-${CONFIGURATION}-output-files.xcfilelist",
			);
			runOnlyForDeploymentPostprocessing = 0;
			shellPath = /bin/sh;
			shellScript = "\"${PODS_ROOT}/Target Support Files/Pods-SnapchatClone/Pods-SnapchatClone-frameworks.sh\"\n";
			showEnvVarsInLog = 0;
		};
/* End PBXShellScriptBuildPhase section */

/* Begin PBXSourcesBuildPhase section */
		DDF25AC62922BE7600D5239D /* Sources */ = {
			isa = PBXSourcesBuildPhase;
			buildActionMask = 2147483647;
			files = (
				DD108323292422F10091366B /* UserSingleton.swift in Sources */,
				DD8023672923CFBE0045C71B /* FeedVC.swift in Sources */,
				DDF25AD22922BE7600D5239D /* SignInVC.swift in Sources */,
				DDF25ACE2922BE7600D5239D /* AppDelegate.swift in Sources */,
				DD8023692923CFCB0045C71B /* UploadVC.swift in Sources */,
				DD95536A2923F41E00DD5DB7 /* SnapVC.swift in Sources */,
				DDF25AD02922BE7600D5239D /* SceneDelegate.swift in Sources */,
				DD80236B2923CFE50045C71B /* SettingsVC.swift in Sources */,
			);
			runOnlyForDeploymentPostprocessing = 0;
		};
/* End PBXSourcesBuildPhase section */

/* Begin PBXVariantGroup section */
		DDF25AD32922BE7600D5239D /* Main.storyboard */ = {
			isa = PBXVariantGroup;
			children = (
				DDF25AD42922BE7600D5239D /* Base */,
			);
			name = Main.storyboard;
			sourceTree = "<group>";
		};
		DDF25AD82922BE7700D5239D /* LaunchScreen.storyboard */ = {
			isa = PBXVariantGroup;
			children = (
				DDF25AD92922BE7700D5239D /* Base */,
			);
			name = LaunchScreen.storyboard;
			sourceTree = "<group>";
		};
/* End PBXVariantGroup section */

/* Begin XCBuildConfiguration section */
		DDF25ADC2922BE7700D5239D /* Debug */ = {
			isa = XCBuildConfiguration;
			buildSettings = {
				ALWAYS_SEARCH_USER_PATHS = NO;
				CLANG_ANALYZER_NONNULL = YES;
				CLANG_ANALYZER_NUMBER_OBJECT_CONVERSION = YES_AGGRESSIVE;
				CLANG_CXX_LANGUAGE_STANDARD = "gnu++17";
				CLANG_ENABLE_MODULES = YES;
				CLANG_ENABLE_OBJC_ARC = YES;
				CLANG_ENABLE_OBJC_WEAK = YES;
				CLANG_WARN_BLOCK_CAPTURE_AUTORELEASING = YES;
				CLANG_WARN_BOOL_CONVERSION = YES;
				CLANG_WARN_COMMA = YES;
				CLANG_WARN_CONSTANT_CONVERSION = YES;
				CLANG_WARN_DEPRECATED_OBJC_IMPLEMENTATIONS = YES;
				CLANG_WARN_DIRECT_OBJC_ISA_USAGE = YES_ERROR;
				CLANG_WARN_DOCUMENTATION_COMMENTS = YES;
				CLANG_WARN_EMPTY_BODY = YES;
				CLANG_WARN_ENUM_CONVERSION = YES;
				CLANG_WARN_INFINITE_RECURSION = YES;
				CLANG_WARN_INT_CONVERSION = YES;
				CLANG_WARN_NON_LITERAL_NULL_CONVERSION = YES;
				CLANG_WARN_OBJC_IMPLICIT_RETAIN_SELF = YES;
				CLANG_WARN_OBJC_LITERAL_CONVERSION = YES;
				CLANG_WARN_OBJC_ROOT_CLASS = YES_ERROR;
				CLANG_WARN_QUOTED_INCLUDE_IN_FRAMEWORK_HEADER = YES;
				CLANG_WARN_RANGE_LOOP_ANALYSIS = YES;
				CLANG_WARN_STRICT_PROTOTYPES = YES;
				CLANG_WARN_SUSPICIOUS_MOVE = YES;
				CLANG_WARN_UNGUARDED_AVAILABILITY = YES_AGGRESSIVE;
				CLANG_WARN_UNREACHABLE_CODE = YES;
				CLANG_WARN__DUPLICATE_METHOD_MATCH = YES;
				COPY_PHASE_STRIP = NO;
				DEBUG_INFORMATION_FORMAT = dwarf;
				ENABLE_STRICT_OBJC_MSGSEND = YES;
				ENABLE_TESTABILITY = YES;
				GCC_C_LANGUAGE_STANDARD = gnu11;
				GCC_DYNAMIC_NO_PIC = NO;
				GCC_NO_COMMON_BLOCKS = YES;
				GCC_OPTIMIZATION_LEVEL = 0;
				GCC_PREPROCESSOR_DEFINITIONS = (
					"DEBUG=1",
					"$(inherited)",
				);
				GCC_WARN_64_TO_32_BIT_CONVERSION = YES;
				GCC_WARN_ABOUT_RETURN_TYPE = YES_ERROR;
				GCC_WARN_UNDECLARED_SELECTOR = YES;
				GCC_WARN_UNINITIALIZED_AUTOS = YES_AGGRESSIVE;
				GCC_WARN_UNUSED_FUNCTION = YES;
				GCC_WARN_UNUSED_VARIABLE = YES;
				IPHONEOS_DEPLOYMENT_TARGET = 15.5;
				MTL_ENABLE_DEBUG_INFO = INCLUDE_SOURCE;
				MTL_FAST_MATH = YES;
				ONLY_ACTIVE_ARCH = YES;
				SDKROOT = iphoneos;
				SWIFT_ACTIVE_COMPILATION_CONDITIONS = DEBUG;
				SWIFT_OPTIMIZATION_LEVEL = "-Onone";
			};
			name = Debug;
		};
		DDF25ADD2922BE7700D5239D /* Release */ = {
			isa = XCBuildConfiguration;
			buildSettings = {
				ALWAYS_SEARCH_USER_PATHS = NO;
				CLANG_ANALYZER_NONNULL = YES;
				CLANG_ANALYZER_NUMBER_OBJECT_CONVERSION = YES_AGGRESSIVE;
				CLANG_CXX_LANGUAGE_STANDARD = "gnu++17";
				CLANG_ENABLE_MODULES = YES;
				CLANG_ENABLE_OBJC_ARC = YES;
				CLANG_ENABLE_OBJC_WEAK = YES;
				CLANG_WARN_BLOCK_CAPTURE_AUTORELEASING = YES;
				CLANG_WARN_BOOL_CONVERSION = YES;
				CLANG_WARN_COMMA = YES;
				CLANG_WARN_CONSTANT_CONVERSION = YES;
				CLANG_WARN_DEPRECATED_OBJC_IMPLEMENTATIONS = YES;
				CLANG_WARN_DIRECT_OBJC_ISA_USAGE = YES_ERROR;
				CLANG_WARN_DOCUMENTATION_COMMENTS = YES;
				CLANG_WARN_EMPTY_BODY = YES;
				CLANG_WARN_ENUM_CONVERSION = YES;
				CLANG_WARN_INFINITE_RECURSION = YES;
				CLANG_WARN_INT_CONVERSION = YES;
				CLANG_WARN_NON_LITERAL_NULL_CONVERSION = YES;
				CLANG_WARN_OBJC_IMPLICIT_RETAIN_SELF = YES;
				CLANG_WARN_OBJC_LITERAL_CONVERSION = YES;
				CLANG_WARN_OBJC_ROOT_CLASS = YES_ERROR;
				CLANG_WARN_QUOTED_INCLUDE_IN_FRAMEWORK_HEADER = YES;
				CLANG_WARN_RANGE_LOOP_ANALYSIS = YES;
				CLANG_WARN_STRICT_PROTOTYPES = YES;
				CLANG_WARN_SUSPICIOUS_MOVE = YES;
				CLANG_WARN_UNGUARDED_AVAILABILITY = YES_AGGRESSIVE;
				CLANG_WARN_UNREACHABLE_CODE = YES;
				CLANG_WARN__DUPLICATE_METHOD_MATCH = YES;
				COPY_PHASE_STRIP = NO;
				DEBUG_INFORMATION_FORMAT = "dwarf-with-dsym";
				ENABLE_NS_ASSERTIONS = NO;
				ENABLE_STRICT_OBJC_MSGSEND = YES;
				GCC_C_LANGUAGE_STANDARD = gnu11;
				GCC_NO_COMMON_BLOCKS = YES;
				GCC_WARN_64_TO_32_BIT_CONVERSION = YES;
				GCC_WARN_ABOUT_RETURN_TYPE = YES_ERROR;
				GCC_WARN_UNDECLARED_SELECTOR = YES;
				GCC_WARN_UNINITIALIZED_AUTOS = YES_AGGRESSIVE;
				GCC_WARN_UNUSED_FUNCTION = YES;
				GCC_WARN_UNUSED_VARIABLE = YES;
				IPHONEOS_DEPLOYMENT_TARGET = 15.5;
				MTL_ENABLE_DEBUG_INFO = NO;
				MTL_FAST_MATH = YES;
				SDKROOT = iphoneos;
				SWIFT_COMPILATION_MODE = wholemodule;
				SWIFT_OPTIMIZATION_LEVEL = "-O";
				VALIDATE_PRODUCT = YES;
			};
			name = Release;
		};
		DDF25ADF2922BE7700D5239D /* Debug */ = {
			isa = XCBuildConfiguration;
			baseConfigurationReference = 61A899148DE18354432D7CAA /* Pods-SnapchatClone.debug.xcconfig */;
			buildSettings = {
				ASSETCATALOG_COMPILER_APPICON_NAME = AppIcon;
				ASSETCATALOG_COMPILER_GLOBAL_ACCENT_COLOR_NAME = AccentColor;
				CODE_SIGN_STYLE = Automatic;
				CURRENT_PROJECT_VERSION = 1;
				GENERATE_INFOPLIST_FILE = YES;
				INFOPLIST_FILE = SnapchatClone/Info.plist;
				INFOPLIST_KEY_UIApplicationSupportsIndirectInputEvents = YES;
				INFOPLIST_KEY_UILaunchStoryboardName = LaunchScreen;
				INFOPLIST_KEY_UIMainStoryboardFile = Main;
				INFOPLIST_KEY_UISupportedInterfaceOrientations_iPad = "UIInterfaceOrientationPortrait UIInterfaceOrientationPortraitUpsideDown UIInterfaceOrientationLandscapeLeft UIInterfaceOrientationLandscapeRight";
				INFOPLIST_KEY_UISupportedInterfaceOrientations_iPhone = "UIInterfaceOrientationPortrait UIInterfaceOrientationLandscapeLeft UIInterfaceOrientationLandscapeRight";
				LD_RUNPATH_SEARCH_PATHS = (
					"$(inherited)",
					"@executable_path/Frameworks",
				);
				MARKETING_VERSION = 1.0;
				PRODUCT_BUNDLE_IDENTIFIER = com.berketopcu.SnapchatClone;
				PRODUCT_NAME = "$(TARGET_NAME)";
				SWIFT_EMIT_LOC_STRINGS = YES;
				SWIFT_VERSION = 5.0;
				TARGETED_DEVICE_FAMILY = "1,2";
			};
			name = Debug;
		};
		DDF25AE02922BE7700D5239D /* Release */ = {
			isa = XCBuildConfiguration;
			baseConfigurationReference = 7D1B1AB57DBCC888C392DB61 /* Pods-SnapchatClone.release.xcconfig */;
			buildSettings = {
				ASSETCATALOG_COMPILER_APPICON_NAME = AppIcon;
				ASSETCATALOG_COMPILER_GLOBAL_ACCENT_COLOR_NAME = AccentColor;
				CODE_SIGN_STYLE = Automatic;
				CURRENT_PROJECT_VERSION = 1;
				GENERATE_INFOPLIST_FILE = YES;
				INFOPLIST_FILE = SnapchatClone/Info.plist;
				INFOPLIST_KEY_UIApplicationSupportsIndirectInputEvents = YES;
				INFOPLIST_KEY_UILaunchStoryboardName = LaunchScreen;
				INFOPLIST_KEY_UIMainStoryboardFile = Main;
				INFOPLIST_KEY_UISupportedInterfaceOrientations_iPad = "UIInterfaceOrientationPortrait UIInterfaceOrientationPortraitUpsideDown UIInterfaceOrientationLandscapeLeft UIInterfaceOrientationLandscapeRight";
				INFOPLIST_KEY_UISupportedInterfaceOrientations_iPhone = "UIInterfaceOrientationPortrait UIInterfaceOrientationLandscapeLeft UIInterfaceOrientationLandscapeRight";
				LD_RUNPATH_SEARCH_PATHS = (
					"$(inherited)",
					"@executable_path/Frameworks",
				);
				MARKETING_VERSION = 1.0;
				PRODUCT_BUNDLE_IDENTIFIER = com.berketopcu.SnapchatClone;
				PRODUCT_NAME = "$(TARGET_NAME)";
				SWIFT_EMIT_LOC_STRINGS = YES;
				SWIFT_VERSION = 5.0;
				TARGETED_DEVICE_FAMILY = "1,2";
			};
			name = Release;
		};
/* End XCBuildConfiguration section */

/* Begin XCConfigurationList section */
		DDF25AC52922BE7600D5239D /* Build configuration list for PBXProject "SnapchatClone" */ = {
			isa = XCConfigurationList;
			buildConfigurations = (
				DDF25ADC2922BE7700D5239D /* Debug */,
				DDF25ADD2922BE7700D5239D /* Release */,
			);
			defaultConfigurationIsVisible = 0;
			defaultConfigurationName = Release;
		};
		DDF25ADE2922BE7700D5239D /* Build configuration list for PBXNativeTarget "SnapchatClone" */ = {
			isa = XCConfigurationList;
			buildConfigurations = (
				DDF25ADF2922BE7700D5239D /* Debug */,
				DDF25AE02922BE7700D5239D /* Release */,
			);
			defaultConfigurationIsVisible = 0;
			defaultConfigurationName = Release;
		};
/* End XCConfigurationList section */
	};
	rootObject = DDF25AC22922BE7600D5239D /* Project object */;
}
